
Microsoft Visual Studio Solution File, Format Version 12.00
# Visual Studio Version 16
VisualStudioVersion = 16.0.30413.136
MinimumVisualStudioVersion = 10.0.40219.1
Project("{FAE04EC0-301F-11D3-BF4B-00C04F79EFBC}") = "ConsoleApp2", "ConsoleApp2\ConsoleApp2.csproj", "{41596120-2CD0-4886-8111-6958107D677B}"
EndProject
Global
	GlobalSection(SolutionConfigurationPlatforms) = preSolution
		Debug|Any CPU = Debug|Any CPU
		Release|Any CPU = Release|Any CPU
	EndGlobalSection
	GlobalSection(ProjectConfigurationPlatforms) = postSolution
		{41596120-2CD0-4886-8111-6958107D677B}.Debug|Any CPU.ActiveCfg = Debug|Any CPU
		{41596120-2CD0-4886-8111-6958107D677B}.Debug|Any CPU.Build.0 = Debug|Any CPU
		{41596120-2CD0-4886-8111-6958107D677B}.Release|Any CPU.ActiveCfg = Release|Any CPU
		{41596120-2CD0-4886-8111-6958107D677B}.Release|Any CPU.Build.0 = Release|Any CPU
	EndGlobalSection
	GlobalSection(SolutionProperties) = preSolution
		HideSolutionNode = FALSE
	EndGlobalSection
	GlobalSection(ExtensibilityGlobals) = postSolution
		SolutionGuid = {FD759E7A-B645-48A8-80D9-51192A133209}
	EndGlobalSection
EndGlobal
